{
  "name": "volc-aigc-rtc-server",
  "version": "1.0.0",
  "lockfileVersion": 3,
  "requires": true,
  "packages": {
    "": {
      "name": "volc-aigc-rtc-server",
      "version": "1.0.0",
      "dependencies": {
        "undici": "^8.4.1"
      },
      "engines": {
        "node": ">=18.0.0"
      }
    },
    "node_modules/undici": {
      "version": "8.4.1",
      "resolved": "https://registry.npmjs.org/undici/-/undici-8.4.1.tgz",
      "integrity": "sha512-RNHlB4fxZK0IrkhBsxhlbx7s8kFWwr7rzzOqj5nvZugw3ig3RsB7KW3zVlV0eu8POl+rx5d1hmL7rRg0z1owow==",
      "license": "MIT",
      "engines": {
        "node": ">=22.19.0"
      }
    }
  }
}
